// !$*UTF8*$!
{
	archiveVersion = 1;
	classes = {
	};
	objectVersion = 56;
	objects = {

/* Begin PBXBuildFile section */
		1000010001000000000001 /* ORBITApp.swift in Sources */ = {isa = PBXBuildFile; fileRef = 1000010002000000000001 /* ORBITApp.swift */; };
		1000010003000000000001 /* ContentView.swift in Sources */ = {isa = PBXBuildFile; fileRef = 1000010004000000000001 /* ContentView.swift */; };
		1000010005000000000001 /* Assets.xcassets in Resources */ = {isa = PBXBuildFile; fileRef = 1000010006000000000001 /* Assets.xcassets */; };
		1000010007000000000001 /* Preview Assets.xcassets in Resources */ = {isa = PBXBuildFile; fileRef = 1000010008000000000001 /* Preview Assets.xcassets */; };
		1000010009000000000001 /* TLEData.swift in Sources */ = {isa = PBXBuildFile; fileRef = 1000010010000000000001 /* TLEData.swift */; };
		1000010011000000000001 /* SatelliteCalculator.swift in Sources */ = {isa = PBXBuildFile; fileRef = 1000010012000000000001 /* SatelliteCalculator.swift */; };
		1000010013000000000001 /* Satellite.swift in Sources */ = {isa = PBXBuildFile; fileRef = 1000010014000000000001 /* Satellite.swift */; };
		1000010015000000000001 /* PassPrediction.swift in Sources */ = {isa = PBXBuildFile; fileRef = 1000010016000000000001 /* PassPrediction.swift */; };
		1000010017000000000001 /* LocationManager.swift in Sources */ = {isa = PBXBuildFile; fileRef = 1000010018000000000001 /* LocationManager.swift */; };
		1000010019000000000001 /* LanguageManager.swift in Sources */ = {isa = PBXBuildFile; fileRef = 1000010020000000000001 /* LanguageManager.swift */; };
		1000010021000000000001 /* FavoritesManager.swift in Sources */ = {isa = PBXBuildFile; fileRef = 1000010022000000000001 /* FavoritesManager.swift */; };
		1000010023000000000001 /* TrackingView.swift in Sources */ = {isa = PBXBuildFile; fileRef = 1000010024000000000001 /* TrackingView.swift */; };
		1000010025000000000001 /* SettingsManager.swift in Sources */ = {isa = PBXBuildFile; fileRef = 1000010026000000000001 /* SettingsManager.swift */; };
		1000010027000000000001 /* SettingsView.swift in Sources */ = {isa = PBXBuildFile; fileRef = 1000010028000000000001 /* SettingsView.swift */; };
/* End PBXBuildFile section */

/* Begin PBXFileReference section */
		1000010000000000000001 /* ORBIT.app */ = {isa = PBXFileReference; explicitFileType = wrapper.application; includeInIndex = 0; path = ORBIT.app; sourceTree = BUILT_PRODUCTS_DIR; };
		1000010002000000000001 /* ORBITApp.swift */ = {isa = PBXFileReference; lastKnownFileType = sourcecode.swift; path = ORBITApp.swift; sourceTree = "<group>"; };
		1000010004000000000001 /* ContentView.swift */ = {isa = PBXFileReference; lastKnownFileType = sourcecode.swift; path = ContentView.swift; sourceTree = "<group>"; };
		1000010006000000000001 /* Assets.xcassets */ = {isa = PBXFileReference; lastKnownFileType = folder.assetcatalog; path = Assets.xcassets; sourceTree = "<group>"; };
		1000010008000000000001 /* Preview Assets.xcassets */ = {isa = PBXFileReference; lastKnownFileType = folder.assetcatalog; path = "Preview Assets.xcassets"; sourceTree = "<group>"; };
		1000010010000000000001 /* TLEData.swift */ = {isa = PBXFileReference; lastKnownFileType = sourcecode.swift; path = TLEData.swift; sourceTree = "<group>"; };
		1000010012000000000001 /* SatelliteCalculator.swift */ = {isa = PBXFileReference; lastKnownFileType = sourcecode.swift; path = SatelliteCalculator.swift; sourceTree = "<group>"; };
		1000010014000000000001 /* Satellite.swift */ = {isa = PBXFileReference; lastKnownFileType = sourcecode.swift; path = Satellite.swift; sourceTree = "<group>"; };
		1000010016000000000001 /* PassPrediction.swift */ = {isa = PBXFileReference; lastKnownFileType = sourcecode.swift; path = PassPrediction.swift; sourceTree = "<group>"; };
		1000010018000000000001 /* LocationManager.swift */ = {isa = PBXFileReference; lastKnownFileType = sourcecode.swift; path = LocationManager.swift; sourceTree = "<group>"; };
		1000010020000000000001 /* LanguageManager.swift */ = {isa = PBXFileReference; lastKnownFileType = sourcecode.swift; path = LanguageManager.swift; sourceTree = "<group>"; };
		1000010022000000000001 /* FavoritesManager.swift */ = {isa = PBXFileReference; lastKnownFileType = sourcecode.swift; path = FavoritesManager.swift; sourceTree = "<group>"; };
		1000010024000000000001 /* TrackingView.swift */ = {isa = PBXFileReference; lastKnownFileType = sourcecode.swift; path = TrackingView.swift; sourceTree = "<group>"; };
		1000010026000000000001 /* SettingsManager.swift */ = {isa = PBXFileReference; lastKnownFileType = sourcecode.swift; path = SettingsManager.swift; sourceTree = "<group>"; };
		1000010028000000000001 /* SettingsView.swift */ = {isa = PBXFileReference; lastKnownFileType = sourcecode.swift; path = SettingsView.swift; sourceTree = "<group>"; };
/* End PBXFileReference section */

/* Begin PBXFrameworksBuildPhase section */
		1000010025000000000001 /* Frameworks */ = {
			isa = PBXFrameworksBuildPhase;
			buildActionMask = 2147483647;
			files = (
			);
			runOnlyForDeploymentPostprocessing = 0;
		};
/* End PBXFrameworksBuildPhase section */

/* Begin PBXGroup section */
		1000010026000000000001 = {
			isa = PBXGroup;
			children = (
				1000010027000000000001 /* ORBIT */,
				1000010028000000000001 /* Products */,
			);
			sourceTree = "<group>";
		};
		1000010027000000000001 /* ORBIT */ = {
			isa = PBXGroup;
			children = (
				1000010002000000000001 /* ORBITApp.swift */,
				1000010004000000000001 /* ContentView.swift */,
				1000010006000000000001 /* Assets.xcassets */,
				1000010010000000000001 /* TLEData.swift */,
				1000010012000000000001 /* SatelliteCalculator.swift */,
				1000010014000000000001 /* Satellite.swift */,
				1000010016000000000001 /* PassPrediction.swift */,
				1000010018000000000001 /* LocationManager.swift */,
				1000010020000000000001 /* LanguageManager.swift */,
				1000010022000000000001 /* FavoritesManager.swift */,
				1000010024000000000001 /* TrackingView.swift */,
				1000010026000000000001 /* SettingsManager.swift */,
				1000010028000000000001 /* SettingsView.swift */,
				1000010029000000000001 /* Preview Content */,
			);
			path = ORBIT;
			sourceTree = "<group>";
		};
		1000010028000000000001 /* Products */ = {
			isa = PBXGroup;
			children = (
				1000010000000000000001 /* ORBIT.app */,
			);
			name = Products;
			sourceTree = "<group>";
		};
		1000010029000000000001 /* Preview Content */ = {
			isa = PBXGroup;
			children = (
				1000010008000000000001 /* Preview Assets.xcassets */,
			);
			path = "Preview Content";
			sourceTree = "<group>";
		};
/* End PBXGroup section */

/* Begin PBXNativeTarget section */
		1000010030000000000001 /* ORBIT */ = {
			isa = PBXNativeTarget;
			buildConfigurationList = 1000010031000000000001 /* Build configuration list for PBXNativeTarget "ORBIT" */;
			buildPhases = (
				1000010032000000000001 /* Sources */,
				1000010025000000000001 /* Frameworks */,
				1000010033000000000001 /* Resources */,
			);
			buildRules = (
			);
			dependencies = (
			);
			name = ORBIT;
			productName = ORBIT;
			productReference = 1000010000000000000001 /* ORBIT.app */;
			productType = "com.apple.product-type.application";
		};
/* End PBXNativeTarget section */

/* Begin PBXProject section */
		1000010034000000000001 /* Project object */ = {
			isa = PBXProject;
			attributes = {
				BuildIndependentTargetsInParallel = 1;
				LastSwiftUpdateCheck = 1500;
				LastUpgradeCheck = 1500;
				TargetAttributes = {
					1000010030000000000001 = {
						CreatedOnToolsVersion = 15.0;
					};
				};
			};
			buildConfigurationList = 1000010035000000000001 /* Build configuration list for PBXProject "ORBIT" */;
			compatibilityVersion = "Xcode 14.0";
			developmentRegion = en;
			hasScannedForEncodings = 0;
			knownRegions = (
				en,
				Base,
				zh-Hans,
			);
			mainGroup = 1000010026000000000001;
			productRefGroup = 1000010028000000000001 /* Products */;
			projectDirPath = "";
			projectRoot = "";
			targets = (
				1000010030000000000001 /* ORBIT */,
			);
		};
/* End PBXProject section */

/* Begin PBXResourcesBuildPhase section */
		1000010033000000000001 /* Resources */ = {
			isa = PBXResourcesBuildPhase;
			buildActionMask = 2147483647;
			files = (
				1000010007000000000001 /* Preview Assets.xcassets in Resources */,
				1000010005000000000001 /* Assets.xcassets in Resources */,
			);
			runOnlyForDeploymentPostprocessing = 0;
		};
/* End PBXResourcesBuildPhase section */

/* Begin PBXSourcesBuildPhase section */
		1000010032000000000001 /* Sources */ = {
			isa = PBXSourcesBuildPhase;
			buildActionMask = 2147483647;
			files = (
				1000010003000000000001 /* ContentView.swift in Sources */,
				1000010001000000000001 /* ORBITApp.swift in Sources */,
				1000010009000000000001 /* TLEData.swift in Sources */,
				1000010011000000000001 /* SatelliteCalculator.swift in Sources */,
				1000010013000000000001 /* Satellite.swift in Sources */,
				1000010015000000000001 /* PassPrediction.swift in Sources */,
				1000010017000000000001 /* LocationManager.swift in Sources */,
				1000010019000000000001 /* LanguageManager.swift in Sources */,
				1000010021000000000001 /* FavoritesManager.swift in Sources */,
				1000010023000000000001 /* TrackingView.swift in Sources */,
				1000010025000000000001 /* SettingsManager.swift in Sources */,
				1000010027000000000001 /* SettingsView.swift in Sources */,
			);
			runOnlyForDeploymentPostprocessing = 0;
		};
/* End PBXSourcesBuildPhase section */

/* Begin XCBuildConfiguration section */
		1000010036000000000001 /* Debug */ = {
			isa = XCBuildConfiguration;
			buildSettings = {
				ALWAYS_SEARCH_USER_PATHS = NO;
				ASSETCATALOG_COMPILER_GENERATE_SWIFT_ASSET_SYMBOL_EXTENSIONS = YES;
				CLANG_ANALYZER_NONNULL = YES;
				CLANG_ANALYZER_NUMBER_OBJECT_CONVERSION = YES_AGGRESSIVE;
				CLANG_CXX_LANGUAGE_STANDARD = "gnu++20";
				CLANG_ENABLE_MODULES = YES;
				CLANG_ENABLE_OBJC_ARC = YES;
				CLANG_ENABLE_OBJC_WEAK = YES;
				CLANG_WARN_BLOCK_CAPTURE_AUTORELEASING = YES;
				CLANG_WARN_BOOL_CONVERSION = YES;
				CLANG_WARN_COMMA = YES;
				CLANG_WARN_CONSTANT_CONVERSION = YES;
				CLANG_WARN_DEPRECATED_OBJC_IMPLEMENTATIONS = YES;
				CLANG_WARN_DIRECT_OBJC_ISA_USAGE = YES_ERROR;
				CLANG_WARN_DOCUMENTATION_COMMENTS = YES;
				CLANG_WARN_EMPTY_BODY = YES;
				CLANG_WARN_ENUM_CONVERSION = YES;
				CLANG_WARN_INFINITE_RECURSION = YES;
				CLANG_WARN_INT_CONVERSION = YES;
				CLANG_WARN_NON_LITERAL_NULL_CONVERSION = YES;
				CLANG_WARN_OBJC_IMPLICIT_RETAIN_SELF = YES;
				CLANG_WARN_OBJC_LITERAL_CONVERSION = YES;
				CLANG_WARN_OBJC_ROOT_CLASS = YES_ERROR;
				CLANG_WARN_QUOTED_INCLUDE_IN_FRAMEWORK_HEADER = YES;
				CLANG_WARN_RANGE_LOOP_ANALYSIS = YES;
				CLANG_WARN_STRICT_PROTOTYPES = YES;
				CLANG_WARN_SUSPICIOUS_MOVE = YES;
				CLANG_WARN_UNGUARDED_AVAILABILITY = YES_AGGRESSIVE;
				CLANG_WARN_UNREACHABLE_CODE = YES;
				CLANG_WARN__DUPLICATE_METHOD_MATCH = YES;
				COPY_PHASE_STRIP = NO;
				DEBUG_INFORMATION_FORMAT = dwarf;
				ENABLE_STRICT_OBJC_MSGSEND = YES;
				ENABLE_TESTABILITY = YES;
				ENABLE_USER_SCRIPT_SANDBOXING = YES;
				GCC_C_LANGUAGE_STANDARD = gnu17;
				GCC_DYNAMIC_NO_PIC = NO;
				GCC_NO_COMMON_BLOCKS = YES;
				GCC_OPTIMIZATION_LEVEL = 0;
				GCC_PREPROCESSOR_DEFINITIONS = (
					"DEBUG=1",
					"$(inherited)",
				);
				GCC_WARN_64_TO_32_BIT_CONVERSION = YES;
				GCC_WARN_ABOUT_RETURN_TYPE = YES_ERROR;
				GCC_WARN_UNDECLARED_SELECTOR = YES;
				GCC_WARN_UNINITIALIZED_AUTOS = YES_AGGRESSIVE;
				GCC_WARN_UNUSED_FUNCTION = YES;
				GCC_WARN_UNUSED_VARIABLE = YES;
				IPHONEOS_DEPLOYMENT_TARGET = 15.0;
				LOCALIZATION_PREFERS_STRING_CATALOGS = YES;
				MTL_ENABLE_DEBUG_INFO = INCLUDE_SOURCE;
				MTL_FAST_MATH = YES;
				ONLY_ACTIVE_ARCH = YES;
				SDKROOT = iphoneos;
				SWIFT_ACTIVE_COMPILATION_CONDITIONS = "DEBUG $(inherited)";
				SWIFT_OPTIMIZATION_LEVEL = "-Onone";
			};
			name = Debug;
		};
		1000010037000000000001 /* Release */ = {
			isa = XCBuildConfiguration;
			buildSettings = {
				ALWAYS_SEARCH_USER_PATHS = NO;
				ASSETCATALOG_COMPILER_GENERATE_SWIFT_ASSET_SYMBOL_EXTENSIONS = YES;
				CLANG_ANALYZER_NONNULL = YES;
				CLANG_ANALYZER_NUMBER_OBJECT_CONVERSION = YES_AGGRESSIVE;
				CLANG_CXX_LANGUAGE_STANDARD = "gnu++20";
				CLANG_ENABLE_MODULES = YES;
				CLANG_ENABLE_OBJC_ARC = YES;
				CLANG_ENABLE_OBJC_WEAK = YES;
				CLANG_WARN_BLOCK_CAPTURE_AUTORELEASING = YES;
				CLANG_WARN_BOOL_CONVERSION = YES;
				CLANG_WARN_COMMA = YES;
				CLANG_WARN_CONSTANT_CONVERSION = YES;
				CLANG_WARN_DEPRECATED_OBJC_IMPLEMENTATIONS = YES;
				CLANG_WARN_DIRECT_OBJC_ISA_USAGE = YES_ERROR;
				CLANG_WARN_DOCUMENTATION_COMMENTS = YES;
				CLANG_WARN_EMPTY_BODY = YES;
				CLANG_WARN_ENUM_CONVERSION = YES;
				CLANG_WARN_INFINITE_RECURSION = YES;
				CLANG_WARN_INT_CONVERSION = YES;
				CLANG_WARN_NON_LITERAL_NULL_CONVERSION = YES;
				CLANG_WARN_OBJC_IMPLICIT_RETAIN_SELF = YES;
				CLANG_WARN_OBJC_LITERAL_CONVERSION = YES;
				CLANG_WARN_OBJC_ROOT_CLASS = YES_ERROR;
				CLANG_WARN_QUOTED_INCLUDE_IN_FRAMEWORK_HEADER = YES;
				CLANG_WARN_RANGE_LOOP_ANALYSIS = YES;
				CLANG_WARN_STRICT_PROTOTYPES = YES;
				CLANG_WARN_SUSPICIOUS_MOVE = YES;
				CLANG_WARN_UNGUARDED_AVAILABILITY = YES_AGGRESSIVE;
				CLANG_WARN_UNREACHABLE_CODE = YES;
				CLANG_WARN__DUPLICATE_METHOD_MATCH = YES;
				COPY_PHASE_STRIP = NO;
				DEBUG_INFORMATION_FORMAT = "dwarf-with-dsym";
				ENABLE_NS_ASSERTIONS = NO;
				ENABLE_STRICT_OBJC_MSGSEND = YES;
				ENABLE_USER_SCRIPT_SANDBOXING = YES;
				GCC_C_LANGUAGE_STANDARD = gnu17;
				GCC_NO_COMMON_BLOCKS = YES;
				GCC_WARN_64_TO_32_BIT_CONVERSION = YES;
				GCC_WARN_ABOUT_RETURN_TYPE = YES_ERROR;
				GCC_WARN_UNDECLARED_SELECTOR = YES;
				GCC_WARN_UNINITIALIZED_AUTOS = YES_AGGRESSIVE;
				GCC_WARN_UNUSED_FUNCTION = YES;
				GCC_WARN_UNUSED_VARIABLE = YES;
				IPHONEOS_DEPLOYMENT_TARGET = 15.0;
				LOCALIZATION_PREFERS_STRING_CATALOGS = YES;
				MTL_ENABLE_DEBUG_INFO = NO;
				MTL_FAST_MATH = YES;
				SDKROOT = iphoneos;
				SWIFT_COMPILATION_MODE = wholemodule;
				VALIDATE_PRODUCT = YES;
			};
			name = Release;
		};
		1000010038000000000001 /* Debug */ = {
			isa = XCBuildConfiguration;
			buildSettings = {
				ASSETCATALOG_COMPILER_APPICON_NAME = AppIcon;
				ASSETCATALOG_COMPILER_GLOBAL_ACCENT_COLOR_NAME = AccentColor;
				CODE_SIGN_IDENTITY = "";
				CODE_SIGN_STYLE = Manual;
				CURRENT_PROJECT_VERSION = 1;
				DEVELOPMENT_ASSET_PATHS = "";
				DEVELOPMENT_TEAM = "";
				ENABLE_PREVIEWS = YES;
				GENERATE_INFOPLIST_FILE = YES;
				INFOPLIST_KEY_NSCameraUsageDescription = "需要相机权限进行AR对星辅助";
				INFOPLIST_KEY_NSColocationWhenInUseUsageDescription = "需要获取您的位置来计算卫星过境时间";
				INFOPLIST_KEY_UIApplicationSceneManifest_Generation = YES;
				INFOPLIST_KEY_UIApplicationSupportsIndirectInputEvents = YES;
				INFOPLIST_KEY_UILaunchScreen_Generation = YES;
				INFOPLIST_KEY_UISupportedInterfaceOrientations = "UIInterfaceOrientationPortrait UIInterfaceOrientationLandscapeLeft UIInterfaceOrientationLandscapeRight";
				INFOPLIST_KEY_UISupportedInterfaceOrientations_iPad = "UIInterfaceOrientationPortrait UIInterfaceOrientationPortraitUpsideDown UIInterfaceOrientationLandscapeLeft UIInterfaceOrientationLandscapeRight";
				LD_RUNPATH_SEARCH_PATHS = (
					"$(inherited)",
					"@executable_path/Frameworks",
				);
				MARKETING_VERSION = 1.0;
				PRODUCT_BUNDLE_IDENTIFIER = com.orbit.satellite;
				PRODUCT_NAME = "$(TARGET_NAME)";
				PROVISIONING_PROFILE_SPECIFIER = "";
				SUPPORTED_PLATFORMS = "iphoneos iphonesimulator";
				SUPPORTS_MACCATALYST = NO;
				SUPPORTS_MAC_DESIGNED_FOR_IPHONE_IPAD = NO;
				SWIFT_EMIT_LOC_STRINGS = YES;
				SWIFT_VERSION = 5.0;
				TARGETED_DEVICE_FAMILY = "1,2";
			};
			name = Debug;
		};
		1000010039000000000001 /* Release */ = {
			isa = XCBuildConfiguration;
			buildSettings = {
				ASSETCATALOG_COMPILER_APPICON_NAME = AppIcon;
				ASSETCATALOG_COMPILER_GLOBAL_ACCENT_COLOR_NAME = AccentColor;
				CODE_SIGN_IDENTITY = "";
				CODE_SIGN_STYLE = Manual;
				CURRENT_PROJECT_VERSION = 1;
				DEVELOPMENT_ASSET_PATHS = "";
				DEVELOPMENT_TEAM = "";
				ENABLE_PREVIEWS = YES;
				GENERATE_INFOPLIST_FILE = YES;
				INFOPLIST_KEY_NSCameraUsageDescription = "需要相机权限进行AR对星辅助";
				INFOPLIST_KEY_NSColocationWhenInUseUsageDescription = "需要获取您的位置来计算卫星过境时间";
				INFOPLIST_KEY_UIApplicationSceneManifest_Generation = YES;
				INFOPLIST_KEY_UIApplicationSupportsIndirectInputEvents = YES;
				INFOPLIST_KEY_UILaunchScreen_Generation = YES;
				INFOPLIST_KEY_UISupportedInterfaceOrientations = "UIInterfaceOrientationPortrait UIInterfaceOrientationLandscapeLeft UIInterfaceOrientationLandscapeRight";
				INFOPLIST_KEY_UISupportedInterfaceOrientations_iPad = "UIInterfaceOrientationPortrait UIInterfaceOrientationPortraitUpsideDown UIInterfaceOrientationLandscapeLeft UIInterfaceOrientationLandscapeRight";
				LD_RUNPATH_SEARCH_PATHS = (
					"$(inherited)",
					"@executable_path/Frameworks",
				);
				MARKETING_VERSION = 1.0;
				PRODUCT_BUNDLE_IDENTIFIER = com.orbit.satellite;
				PRODUCT_NAME = "$(TARGET_NAME)";
				PROVISIONING_PROFILE_SPECIFIER = "";
				SUPPORTED_PLATFORMS = "iphoneos iphonesimulator";
				SUPPORTS_MACCATALYST = NO;
				SUPPORTS_MAC_DESIGNED_FOR_IPHONE_IPAD = NO;
				SWIFT_EMIT_LOC_STRINGS = YES;
				SWIFT_VERSION = 5.0;
				TARGETED_DEVICE_FAMILY = "1,2";
			};
			name = Release;
		};
/* End XCBuildConfiguration section */

/* Begin XCConfigurationList section */
		1000010031000000000001 /* Build configuration list for PBXNativeTarget "ORBIT" */ = {
			isa = XCConfigurationList;
			buildConfigurations = (
				1000010038000000000001 /* Debug */,
				1000010039000000000001 /* Release */,
			);
			defaultConfigurationIsVisible = 0;
			defaultConfigurationName = Release;
		};
		1000010035000000000001 /* Build configuration list for PBXProject "ORBIT" */ = {
			isa = XCConfigurationList;
			buildConfigurations = (
				1000010036000000000001 /* Debug */,
				1000010037000000000001 /* Release */,
			);
			defaultConfigurationIsVisible = 0;
			defaultConfigurationName = Release;
		};
/* End XCConfigurationList section */
	};
	rootObject = 1000010034000000000001 /* Project object */;
}